
Microsoft Visual Studio Solution File, Format Version 12.00
# Visual Studio Version 17
VisualStudioVersion = 17.8.34330.188
MinimumVisualStudioVersion = 10.0.40219.1
Project("{FAE04EC0-301F-11D3-BF4B-00C04F79EFBC}") = "Password_Reset", "Password_Reset.csproj", "{EFEAA414-311B-430D-B571-D64977E706FB}"
EndProject
Global
	GlobalSection(SolutionConfigurationPlatforms) = preSolution
		Debug|Any CPU = Debug|Any CPU
		Release|Any CPU = Release|Any CPU
	EndGlobalSection
	GlobalSection(ProjectConfigurationPlatforms) = postSolution
		{EFEAA414-311B-430D-B571-D64977E706FB}.Debug|Any CPU.ActiveCfg = Debug|Any CPU
		{EFEAA414-311B-430D-B571-D64977E706FB}.Debug|Any CPU.Build.0 = Debug|Any CPU
		{EFEAA414-311B-430D-B571-D64977E706FB}.Release|Any CPU.ActiveCfg = Release|Any CPU
		{EFEAA414-311B-430D-B571-D64977E706FB}.Release|Any CPU.Build.0 = Release|Any CPU
	EndGlobalSection
	GlobalSection(SolutionProperties) = preSolution
		HideSolutionNode = FALSE
	EndGlobalSection
	GlobalSection(ExtensibilityGlobals) = postSolution
		SolutionGuid = {EA47C583-B092-404C-AE83-000C4CB5A489}
	EndGlobalSection
EndGlobal
